// !$*UTF8*$!
{
	archiveVersion = 1;
	classes = {
	};
	objectVersion = 56;
	objects = {

/* Begin PBXBuildFile section */
		CF228A2E2B69CDF3001F2747 /* NavItem.swift in Sources */ = {isa = PBXBuildFile; fileRef = CF228A2D2B69CDF3001F2747 /* NavItem.swift */; };
		CF76644C2B6B18F600D6E2FC /* SmallCard.swift in Sources */ = {isa = PBXBuildFile; fileRef = CF76644B2B6B18F500D6E2FC /* SmallCard.swift */; };
		CF7664502B6B231E00D6E2FC /* Wands.swift in Sources */ = {isa = PBXBuildFile; fileRef = CF76644F2B6B231E00D6E2FC /* Wands.swift */; };
		CF7664522B6B237E00D6E2FC /* Pentacles.swift in Sources */ = {isa = PBXBuildFile; fileRef = CF7664512B6B237E00D6E2FC /* Pentacles.swift */; };
		CF7664542B6B23A000D6E2FC /* Swords.swift in Sources */ = {isa = PBXBuildFile; fileRef = CF7664532B6B23A000D6E2FC /* Swords.swift */; };
		CF7C8DC229905E5900917084 /* TarotApp.swift in Sources */ = {isa = PBXBuildFile; fileRef = CF7C8DC129905E5900917084 /* TarotApp.swift */; };
		CF7C8DC429905E5900917084 /* ContentView.swift in Sources */ = {isa = PBXBuildFile; fileRef = CF7C8DC329905E5900917084 /* ContentView.swift */; };
		CF7C8DC629905E5A00917084 /* Assets.xcassets in Resources */ = {isa = PBXBuildFile; fileRef = CF7C8DC529905E5A00917084 /* Assets.xcassets */; };
		CF7C8DCA29905E5A00917084 /* Preview Assets.xcassets in Resources */ = {isa = PBXBuildFile; fileRef = CF7C8DC929905E5A00917084 /* Preview Assets.xcassets */; };
		CF7C8DD429905E5A00917084 /* TarotTests.swift in Sources */ = {isa = PBXBuildFile; fileRef = CF7C8DD329905E5A00917084 /* TarotTests.swift */; };
		CF7C8DDE29905E5A00917084 /* TarotUITests.swift in Sources */ = {isa = PBXBuildFile; fileRef = CF7C8DDD29905E5A00917084 /* TarotUITests.swift */; };
		CF7C8DE029905E5A00917084 /* TarotUITestsLaunchTests.swift in Sources */ = {isa = PBXBuildFile; fileRef = CF7C8DDF29905E5A00917084 /* TarotUITestsLaunchTests.swift */; };
		CF7C8DF52990789D00917084 /* NewSpiritTRIAL-Bold.otf in Resources */ = {isa = PBXBuildFile; fileRef = CF7C8DEF2990789D00917084 /* NewSpiritTRIAL-Bold.otf */; };
		CF7C8DF62990789D00917084 /* NewSpiritTRIAL-Medium.otf in Resources */ = {isa = PBXBuildFile; fileRef = CF7C8DF02990789D00917084 /* NewSpiritTRIAL-Medium.otf */; };
		CF7C8DF72990789D00917084 /* NewSpiritTRIAL-Heavy.otf in Resources */ = {isa = PBXBuildFile; fileRef = CF7C8DF12990789D00917084 /* NewSpiritTRIAL-Heavy.otf */; };
		CF7C8DF82990789D00917084 /* NewSpiritTRIAL-Regular.otf in Resources */ = {isa = PBXBuildFile; fileRef = CF7C8DF22990789D00917084 /* NewSpiritTRIAL-Regular.otf */; };
		CF7C8DF92990789D00917084 /* NewSpiritTRIAL-Light.otf in Resources */ = {isa = PBXBuildFile; fileRef = CF7C8DF32990789D00917084 /* NewSpiritTRIAL-Light.otf */; };
		CF7C8DFA2990789D00917084 /* NewSpiritTRIAL-SemiBold.otf in Resources */ = {isa = PBXBuildFile; fileRef = CF7C8DF42990789D00917084 /* NewSpiritTRIAL-SemiBold.otf */; };
		CF7C8DFD29908AF600917084 /* Card.swift in Sources */ = {isa = PBXBuildFile; fileRef = CF7C8DFC29908AF600917084 /* Card.swift */; };
		CF7C8DFF29908CC500917084 /* Tarot.swift in Sources */ = {isa = PBXBuildFile; fileRef = CF7C8DFE29908CC500917084 /* Tarot.swift */; };
		CF7C8E032991E19D00917084 /* MajorArcana.swift in Sources */ = {isa = PBXBuildFile; fileRef = CF7C8E022991E19D00917084 /* MajorArcana.swift */; };
		CF7C8E052991E82200917084 /* Cups.swift in Sources */ = {isa = PBXBuildFile; fileRef = CF7C8E042991E82200917084 /* Cups.swift */; };
/* End PBXBuildFile section */

/* Begin PBXContainerItemProxy section */
		CF7C8DD029905E5A00917084 /* PBXContainerItemProxy */ = {
			isa = PBXContainerItemProxy;
			containerPortal = CF7C8DB629905E5900917084 /* Project object */;
			proxyType = 1;
			remoteGlobalIDString = CF7C8DBD29905E5900917084;
			remoteInfo = Tarot;
		};
		CF7C8DDA29905E5A00917084 /* PBXContainerItemProxy */ = {
			isa = PBXContainerItemProxy;
			containerPortal = CF7C8DB629905E5900917084 /* Project object */;
			proxyType = 1;
			remoteGlobalIDString = CF7C8DBD29905E5900917084;
			remoteInfo = Tarot;
		};
/* End PBXContainerItemProxy section */

/* Begin PBXFileReference section */
		CF228A2D2B69CDF3001F2747 /* NavItem.swift */ = {isa = PBXFileReference; lastKnownFileType = sourcecode.swift; path = NavItem.swift; sourceTree = "<group>"; };
		CF76644B2B6B18F500D6E2FC /* SmallCard.swift */ = {isa = PBXFileReference; lastKnownFileType = sourcecode.swift; path = SmallCard.swift; sourceTree = "<group>"; };
		CF76644F2B6B231E00D6E2FC /* Wands.swift */ = {isa = PBXFileReference; fileEncoding = 4; lastKnownFileType = sourcecode.swift; path = Wands.swift; sourceTree = "<group>"; };
		CF7664512B6B237E00D6E2FC /* Pentacles.swift */ = {isa = PBXFileReference; fileEncoding = 4; lastKnownFileType = sourcecode.swift; path = Pentacles.swift; sourceTree = "<group>"; };
		CF7664532B6B23A000D6E2FC /* Swords.swift */ = {isa = PBXFileReference; fileEncoding = 4; lastKnownFileType = sourcecode.swift; path = Swords.swift; sourceTree = "<group>"; };
		CF7C8DBE29905E5900917084 /* Tarot.app */ = {isa = PBXFileReference; explicitFileType = wrapper.application; includeInIndex = 0; path = Tarot.app; sourceTree = BUILT_PRODUCTS_DIR; };
		CF7C8DC129905E5900917084 /* TarotApp.swift */ = {isa = PBXFileReference; lastKnownFileType = sourcecode.swift; path = TarotApp.swift; sourceTree = "<group>"; };
		CF7C8DC329905E5900917084 /* ContentView.swift */ = {isa = PBXFileReference; lastKnownFileType = sourcecode.swift; path = ContentView.swift; sourceTree = "<group>"; };
		CF7C8DC529905E5A00917084 /* Assets.xcassets */ = {isa = PBXFileReference; lastKnownFileType = folder.assetcatalog; path = Assets.xcassets; sourceTree = "<group>"; };
		CF7C8DC729905E5A00917084 /* Tarot.entitlements */ = {isa = PBXFileReference; lastKnownFileType = text.plist.entitlements; path = Tarot.entitlements; sourceTree = "<group>"; };
		CF7C8DC929905E5A00917084 /* Preview Assets.xcassets */ = {isa = PBXFileReference; lastKnownFileType = folder.assetcatalog; path = "Preview Assets.xcassets"; sourceTree = "<group>"; };
		CF7C8DCF29905E5A00917084 /* TarotTests.xctest */ = {isa = PBXFileReference; explicitFileType = wrapper.cfbundle; includeInIndex = 0; path = TarotTests.xctest; sourceTree = BUILT_PRODUCTS_DIR; };
		CF7C8DD329905E5A00917084 /* TarotTests.swift */ = {isa = PBXFileReference; lastKnownFileType = sourcecode.swift; path = TarotTests.swift; sourceTree = "<group>"; };
		CF7C8DD929905E5A00917084 /* TarotUITests.xctest */ = {isa = PBXFileReference; explicitFileType = wrapper.cfbundle; includeInIndex = 0; path = TarotUITests.xctest; sourceTree = BUILT_PRODUCTS_DIR; };
		CF7C8DDD29905E5A00917084 /* TarotUITests.swift */ = {isa = PBXFileReference; lastKnownFileType = sourcecode.swift; path = TarotUITests.swift; sourceTree = "<group>"; };
		CF7C8DDF29905E5A00917084 /* TarotUITestsLaunchTests.swift */ = {isa = PBXFileReference; lastKnownFileType = sourcecode.swift; path = TarotUITestsLaunchTests.swift; sourceTree = "<group>"; };
		CF7C8DEF2990789D00917084 /* NewSpiritTRIAL-Bold.otf */ = {isa = PBXFileReference; lastKnownFileType = file; path = "NewSpiritTRIAL-Bold.otf"; sourceTree = "<group>"; };
		CF7C8DF02990789D00917084 /* NewSpiritTRIAL-Medium.otf */ = {isa = PBXFileReference; lastKnownFileType = file; path = "NewSpiritTRIAL-Medium.otf"; sourceTree = "<group>"; };
		CF7C8DF12990789D00917084 /* NewSpiritTRIAL-Heavy.otf */ = {isa = PBXFileReference; lastKnownFileType = file; path = "NewSpiritTRIAL-Heavy.otf"; sourceTree = "<group>"; };
		CF7C8DF22990789D00917084 /* NewSpiritTRIAL-Regular.otf */ = {isa = PBXFileReference; lastKnownFileType = file; path = "NewSpiritTRIAL-Regular.otf"; sourceTree = "<group>"; };
		CF7C8DF32990789D00917084 /* NewSpiritTRIAL-Light.otf */ = {isa = PBXFileReference; lastKnownFileType = file; path = "NewSpiritTRIAL-Light.otf"; sourceTree = "<group>"; };
		CF7C8DF42990789D00917084 /* NewSpiritTRIAL-SemiBold.otf */ = {isa = PBXFileReference; lastKnownFileType = file; path = "NewSpiritTRIAL-SemiBold.otf"; sourceTree = "<group>"; };
		CF7C8DFB29907D4F00917084 /* Info.plist */ = {isa = PBXFileReference; lastKnownFileType = text.plist; path = Info.plist; sourceTree = "<group>"; };
		CF7C8DFC29908AF600917084 /* Card.swift */ = {isa = PBXFileReference; lastKnownFileType = sourcecode.swift; path = Card.swift; sourceTree = "<group>"; };
		CF7C8DFE29908CC500917084 /* Tarot.swift */ = {isa = PBXFileReference; lastKnownFileType = sourcecode.swift; path = Tarot.swift; sourceTree = "<group>"; };
		CF7C8E022991E19D00917084 /* MajorArcana.swift */ = {isa = PBXFileReference; lastKnownFileType = sourcecode.swift; path = MajorArcana.swift; sourceTree = "<group>"; };
		CF7C8E042991E82200917084 /* Cups.swift */ = {isa = PBXFileReference; lastKnownFileType = sourcecode.swift; path = Cups.swift; sourceTree = "<group>"; };
/* End PBXFileReference section */

/* Begin PBXFrameworksBuildPhase section */
		CF7C8DBB29905E5900917084 /* Frameworks */ = {
			isa = PBXFrameworksBuildPhase;
			buildActionMask = 2147483647;
			files = (
			);
			runOnlyForDeploymentPostprocessing = 0;
		};
		CF7C8DCC29905E5A00917084 /* Frameworks */ = {
			isa = PBXFrameworksBuildPhase;
			buildActionMask = 2147483647;
			files = (
			);
			runOnlyForDeploymentPostprocessing = 0;
		};
		CF7C8DD629905E5A00917084 /* Frameworks */ = {
			isa = PBXFrameworksBuildPhase;
			buildActionMask = 2147483647;
			files = (
			);
			runOnlyForDeploymentPostprocessing = 0;
		};
/* End PBXFrameworksBuildPhase section */

/* Begin PBXGroup section */
		CF7C8DB529905E5900917084 = {
			isa = PBXGroup;
			children = (
				CF7C8DC029905E5900917084 /* Tarot */,
				CF7C8DD229905E5A00917084 /* TarotTests */,
				CF7C8DDC29905E5A00917084 /* TarotUITests */,
				CF7C8DBF29905E5900917084 /* Products */,
			);
			sourceTree = "<group>";
		};
		CF7C8DBF29905E5900917084 /* Products */ = {
			isa = PBXGroup;
			children = (
				CF7C8DBE29905E5900917084 /* Tarot.app */,
				CF7C8DCF29905E5A00917084 /* TarotTests.xctest */,
				CF7C8DD929905E5A00917084 /* TarotUITests.xctest */,
			);
			name = Products;
			sourceTree = "<group>";
		};
		CF7C8DC029905E5900917084 /* Tarot */ = {
			isa = PBXGroup;
			children = (
				CF7C8DFB29907D4F00917084 /* Info.plist */,
				CF7C8DC129905E5900917084 /* TarotApp.swift */,
				CF7C8DC329905E5900917084 /* ContentView.swift */,
				CF7C8E022991E19D00917084 /* MajorArcana.swift */,
				CF7C8E042991E82200917084 /* Cups.swift */,
				CF76644F2B6B231E00D6E2FC /* Wands.swift */,
				CF7664512B6B237E00D6E2FC /* Pentacles.swift */,
				CF7664532B6B23A000D6E2FC /* Swords.swift */,
				CF7C8DFC29908AF600917084 /* Card.swift */,
				CF76644B2B6B18F500D6E2FC /* SmallCard.swift */,
				CF228A2D2B69CDF3001F2747 /* NavItem.swift */,
				CF7C8DFE29908CC500917084 /* Tarot.swift */,
				CF7C8DC529905E5A00917084 /* Assets.xcassets */,
				CF7C8DEE2990789D00917084 /* New Spirit */,
				CF7C8DC729905E5A00917084 /* Tarot.entitlements */,
				CF7C8DC829905E5A00917084 /* Preview Content */,
			);
			path = Tarot;
			sourceTree = "<group>";
		};
		CF7C8DC829905E5A00917084 /* Preview Content */ = {
			isa = PBXGroup;
			children = (
				CF7C8DC929905E5A00917084 /* Preview Assets.xcassets */,
			);
			path = "Preview Content";
			sourceTree = "<group>";
		};
		CF7C8DD229905E5A00917084 /* TarotTests */ = {
			isa = PBXGroup;
			children = (
				CF7C8DD329905E5A00917084 /* TarotTests.swift */,
			);
			path = TarotTests;
			sourceTree = "<group>";
		};
		CF7C8DDC29905E5A00917084 /* TarotUITests */ = {
			isa = PBXGroup;
			children = (
				CF7C8DDD29905E5A00917084 /* TarotUITests.swift */,
				CF7C8DDF29905E5A00917084 /* TarotUITestsLaunchTests.swift */,
			);
			path = TarotUITests;
			sourceTree = "<group>";
		};
		CF7C8DEE2990789D00917084 /* New Spirit */ = {
			isa = PBXGroup;
			children = (
				CF7C8DEF2990789D00917084 /* NewSpiritTRIAL-Bold.otf */,
				CF7C8DF02990789D00917084 /* NewSpiritTRIAL-Medium.otf */,
				CF7C8DF12990789D00917084 /* NewSpiritTRIAL-Heavy.otf */,
				CF7C8DF22990789D00917084 /* NewSpiritTRIAL-Regular.otf */,
				CF7C8DF32990789D00917084 /* NewSpiritTRIAL-Light.otf */,
				CF7C8DF42990789D00917084 /* NewSpiritTRIAL-SemiBold.otf */,
			);
			path = "New Spirit";
			sourceTree = "<group>";
		};
/* End PBXGroup section */

/* Begin PBXNativeTarget section */
		CF7C8DBD29905E5900917084 /* Tarot */ = {
			isa = PBXNativeTarget;
			buildConfigurationList = CF7C8DE329905E5A00917084 /* Build configuration list for PBXNativeTarget "Tarot" */;
			buildPhases = (
				CF7C8DBA29905E5900917084 /* Sources */,
				CF7C8DBB29905E5900917084 /* Frameworks */,
				CF7C8DBC29905E5900917084 /* Resources */,
			);
			buildRules = (
			);
			dependencies = (
			);
			name = Tarot;
			productName = Tarot;
			productReference = CF7C8DBE29905E5900917084 /* Tarot.app */;
			productType = "com.apple.product-type.application";
		};
		CF7C8DCE29905E5A00917084 /* TarotTests */ = {
			isa = PBXNativeTarget;
			buildConfigurationList = CF7C8DE629905E5A00917084 /* Build configuration list for PBXNativeTarget "TarotTests" */;
			buildPhases = (
				CF7C8DCB29905E5A00917084 /* Sources */,
				CF7C8DCC29905E5A00917084 /* Frameworks */,
				CF7C8DCD29905E5A00917084 /* Resources */,
			);
			buildRules = (
			);
			dependencies = (
				CF7C8DD129905E5A00917084 /* PBXTargetDependency */,
			);
			name = TarotTests;
			productName = TarotTests;
			productReference = CF7C8DCF29905E5A00917084 /* TarotTests.xctest */;
			productType = "com.apple.product-type.bundle.unit-test";
		};
		CF7C8DD829905E5A00917084 /* TarotUITests */ = {
			isa = PBXNativeTarget;
			buildConfigurationList = CF7C8DE929905E5A00917084 /* Build configuration list for PBXNativeTarget "TarotUITests" */;
			buildPhases = (
				CF7C8DD529905E5A00917084 /* Sources */,
				CF7C8DD629905E5A00917084 /* Frameworks */,
				CF7C8DD729905E5A00917084 /* Resources */,
			);
			buildRules = (
			);
			dependencies = (
				CF7C8DDB29905E5A00917084 /* PBXTargetDependency */,
			);
			name = TarotUITests;
			productName = TarotUITests;
			productReference = CF7C8DD929905E5A00917084 /* TarotUITests.xctest */;
			productType = "com.apple.product-type.bundle.ui-testing";
		};
/* End PBXNativeTarget section */

/* Begin PBXProject section */
		CF7C8DB629905E5900917084 /* Project object */ = {
			isa = PBXProject;
			attributes = {
				BuildIndependentTargetsInParallel = 1;
				LastSwiftUpdateCheck = 1410;
				LastUpgradeCheck = 1410;
				TargetAttributes = {
					CF7C8DBD29905E5900917084 = {
						CreatedOnToolsVersion = 14.1;
					};
					CF7C8DCE29905E5A00917084 = {
						CreatedOnToolsVersion = 14.1;
						TestTargetID = CF7C8DBD29905E5900917084;
					};
					CF7C8DD829905E5A00917084 = {
						CreatedOnToolsVersion = 14.1;
						TestTargetID = CF7C8DBD29905E5900917084;
					};
				};
			};
			buildConfigurationList = CF7C8DB929905E5900917084 /* Build configuration list for PBXProject "Tarot" */;
			compatibilityVersion = "Xcode 14.0";
			developmentRegion = en;
			hasScannedForEncodings = 0;
			knownRegions = (
				en,
				Base,
			);
			mainGroup = CF7C8DB529905E5900917084;
			productRefGroup = CF7C8DBF29905E5900917084 /* Products */;
			projectDirPath = "";
			projectRoot = "";
			targets = (
				CF7C8DBD29905E5900917084 /* Tarot */,
				CF7C8DCE29905E5A00917084 /* TarotTests */,
				CF7C8DD829905E5A00917084 /* TarotUITests */,
			);
		};
/* End PBXProject section */

/* Begin PBXResourcesBuildPhase section */
		CF7C8DBC29905E5900917084 /* Resources */ = {
			isa = PBXResourcesBuildPhase;
			buildActionMask = 2147483647;
			files = (
				CF7C8DF52990789D00917084 /* NewSpiritTRIAL-Bold.otf in Resources */,
				CF7C8DCA29905E5A00917084 /* Preview Assets.xcassets in Resources */,
				CF7C8DF92990789D00917084 /* NewSpiritTRIAL-Light.otf in Resources */,
				CF7C8DF72990789D00917084 /* NewSpiritTRIAL-Heavy.otf in Resources */,
				CF7C8DF82990789D00917084 /* NewSpiritTRIAL-Regular.otf in Resources */,
				CF7C8DC629905E5A00917084 /* Assets.xcassets in Resources */,
				CF7C8DF62990789D00917084 /* NewSpiritTRIAL-Medium.otf in Resources */,
				CF7C8DFA2990789D00917084 /* NewSpiritTRIAL-SemiBold.otf in Resources */,
			);
			runOnlyForDeploymentPostprocessing = 0;
		};
		CF7C8DCD29905E5A00917084 /* Resources */ = {
			isa = PBXResourcesBuildPhase;
			buildActionMask = 2147483647;
			files = (
			);
			runOnlyForDeploymentPostprocessing = 0;
		};
		CF7C8DD729905E5A00917084 /* Resources */ = {
			isa = PBXResourcesBuildPhase;
			buildActionMask = 2147483647;
			files = (
			);
			runOnlyForDeploymentPostprocessing = 0;
		};
/* End PBXResourcesBuildPhase section */

/* Begin PBXSourcesBuildPhase section */
		CF7C8DBA29905E5900917084 /* Sources */ = {
			isa = PBXSourcesBuildPhase;
			buildActionMask = 2147483647;
			files = (
				CF7C8DFF29908CC500917084 /* Tarot.swift in Sources */,
				CF7C8DC429905E5900917084 /* ContentView.swift in Sources */,
				CF7C8DC229905E5900917084 /* TarotApp.swift in Sources */,
				CF7C8E032991E19D00917084 /* MajorArcana.swift in Sources */,
				CF7C8E052991E82200917084 /* Cups.swift in Sources */,
				CF7664502B6B231E00D6E2FC /* Wands.swift in Sources */,
				CF7664542B6B23A000D6E2FC /* Swords.swift in Sources */,
				CF76644C2B6B18F600D6E2FC /* SmallCard.swift in Sources */,
				CF228A2E2B69CDF3001F2747 /* NavItem.swift in Sources */,
				CF7C8DFD29908AF600917084 /* Card.swift in Sources */,
				CF7664522B6B237E00D6E2FC /* Pentacles.swift in Sources */,
			);
			runOnlyForDeploymentPostprocessing = 0;
		};
		CF7C8DCB29905E5A00917084 /* Sources */ = {
			isa = PBXSourcesBuildPhase;
			buildActionMask = 2147483647;
			files = (
				CF7C8DD429905E5A00917084 /* TarotTests.swift in Sources */,
			);
			runOnlyForDeploymentPostprocessing = 0;
		};
		CF7C8DD529905E5A00917084 /* Sources */ = {
			isa = PBXSourcesBuildPhase;
			buildActionMask = 2147483647;
			files = (
				CF7C8DDE29905E5A00917084 /* TarotUITests.swift in Sources */,
				CF7C8DE029905E5A00917084 /* TarotUITestsLaunchTests.swift in Sources */,
			);
			runOnlyForDeploymentPostprocessing = 0;
		};
/* End PBXSourcesBuildPhase section */

/* Begin PBXTargetDependency section */
		CF7C8DD129905E5A00917084 /* PBXTargetDependency */ = {
			isa = PBXTargetDependency;
			target = CF7C8DBD29905E5900917084 /* Tarot */;
			targetProxy = CF7C8DD029905E5A00917084 /* PBXContainerItemProxy */;
		};
		CF7C8DDB29905E5A00917084 /* PBXTargetDependency */ = {
			isa = PBXTargetDependency;
			target = CF7C8DBD29905E5900917084 /* Tarot */;
			targetProxy = CF7C8DDA29905E5A00917084 /* PBXContainerItemProxy */;
		};
/* End PBXTargetDependency section */

/* Begin XCBuildConfiguration section */
		CF7C8DE129905E5A00917084 /* Debug */ = {
			isa = XCBuildConfiguration;
			buildSettings = {
				ALWAYS_SEARCH_USER_PATHS = NO;
				CLANG_ANALYZER_NONNULL = YES;
				CLANG_ANALYZER_NUMBER_OBJECT_CONVERSION = YES_AGGRESSIVE;
				CLANG_CXX_LANGUAGE_STANDARD = "gnu++20";
				CLANG_ENABLE_MODULES = YES;
				CLANG_ENABLE_OBJC_ARC = YES;
				CLANG_ENABLE_OBJC_WEAK = YES;
				CLANG_WARN_BLOCK_CAPTURE_AUTORELEASING = YES;
				CLANG_WARN_BOOL_CONVERSION = YES;
				CLANG_WARN_COMMA = YES;
				CLANG_WARN_CONSTANT_CONVERSION = YES;
				CLANG_WARN_DEPRECATED_OBJC_IMPLEMENTATIONS = YES;
				CLANG_WARN_DIRECT_OBJC_ISA_USAGE = YES_ERROR;
				CLANG_WARN_DOCUMENTATION_COMMENTS = YES;
				CLANG_WARN_EMPTY_BODY = YES;
				CLANG_WARN_ENUM_CONVERSION = YES;
				CLANG_WARN_INFINITE_RECURSION = YES;
				CLANG_WARN_INT_CONVERSION = YES;
				CLANG_WARN_NON_LITERAL_NULL_CONVERSION = YES;
				CLANG_WARN_OBJC_IMPLICIT_RETAIN_SELF = YES;
				CLANG_WARN_OBJC_LITERAL_CONVERSION = YES;
				CLANG_WARN_OBJC_ROOT_CLASS = YES_ERROR;
				CLANG_WARN_QUOTED_INCLUDE_IN_FRAMEWORK_HEADER = YES;
				CLANG_WARN_RANGE_LOOP_ANALYSIS = YES;
				CLANG_WARN_STRICT_PROTOTYPES = YES;
				CLANG_WARN_SUSPICIOUS_MOVE = YES;
				CLANG_WARN_UNGUARDED_AVAILABILITY = YES_AGGRESSIVE;
				CLANG_WARN_UNREACHABLE_CODE = YES;
				CLANG_WARN__DUPLICATE_METHOD_MATCH = YES;
				COPY_PHASE_STRIP = NO;
				DEBUG_INFORMATION_FORMAT = dwarf;
				ENABLE_STRICT_OBJC_MSGSEND = YES;
				ENABLE_TESTABILITY = YES;
				GCC_C_LANGUAGE_STANDARD = gnu11;
				GCC_DYNAMIC_NO_PIC = NO;
				GCC_NO_COMMON_BLOCKS = YES;
				GCC_OPTIMIZATION_LEVEL = 0;
				GCC_PREPROCESSOR_DEFINITIONS = (
					"DEBUG=1",
					"$(inherited)",
				);
				GCC_WARN_64_TO_32_BIT_CONVERSION = YES;
				GCC_WARN_ABOUT_RETURN_TYPE = YES_ERROR;
				GCC_WARN_UNDECLARED_SELECTOR = YES;
				GCC_WARN_UNINITIALIZED_AUTOS = YES_AGGRESSIVE;
				GCC_WARN_UNUSED_FUNCTION = YES;
				GCC_WARN_UNUSED_VARIABLE = YES;
				MTL_ENABLE_DEBUG_INFO = INCLUDE_SOURCE;
				MTL_FAST_MATH = YES;
				ONLY_ACTIVE_ARCH = YES;
				SWIFT_ACTIVE_COMPILATION_CONDITIONS = DEBUG;
				SWIFT_OPTIMIZATION_LEVEL = "-Onone";
			};
			name = Debug;
		};
		CF7C8DE229905E5A00917084 /* Release */ = {
			isa = XCBuildConfiguration;
			buildSettings = {
				ALWAYS_SEARCH_USER_PATHS = NO;
				CLANG_ANALYZER_NONNULL = YES;
				CLANG_ANALYZER_NUMBER_OBJECT_CONVERSION = YES_AGGRESSIVE;
				CLANG_CXX_LANGUAGE_STANDARD = "gnu++20";
				CLANG_ENABLE_MODULES = YES;
				CLANG_ENABLE_OBJC_ARC = YES;
				CLANG_ENABLE_OBJC_WEAK = YES;
				CLANG_WARN_BLOCK_CAPTURE_AUTORELEASING = YES;
				CLANG_WARN_BOOL_CONVERSION = YES;
				CLANG_WARN_COMMA = YES;
				CLANG_WARN_CONSTANT_CONVERSION = YES;
				CLANG_WARN_DEPRECATED_OBJC_IMPLEMENTATIONS = YES;
				CLANG_WARN_DIRECT_OBJC_ISA_USAGE = YES_ERROR;
				CLANG_WARN_DOCUMENTATION_COMMENTS = YES;
				CLANG_WARN_EMPTY_BODY = YES;
				CLANG_WARN_ENUM_CONVERSION = YES;
				CLANG_WARN_INFINITE_RECURSION = YES;
				CLANG_WARN_INT_CONVERSION = YES;
				CLANG_WARN_NON_LITERAL_NULL_CONVERSION = YES;
				CLANG_WARN_OBJC_IMPLICIT_RETAIN_SELF = YES;
				CLANG_WARN_OBJC_LITERAL_CONVERSION = YES;
				CLANG_WARN_OBJC_ROOT_CLASS = YES_ERROR;
				CLANG_WARN_QUOTED_INCLUDE_IN_FRAMEWORK_HEADER = YES;
				CLANG_WARN_RANGE_LOOP_ANALYSIS = YES;
				CLANG_WARN_STRICT_PROTOTYPES = YES;
				CLANG_WARN_SUSPICIOUS_MOVE = YES;
				CLANG_WARN_UNGUARDED_AVAILABILITY = YES_AGGRESSIVE;
				CLANG_WARN_UNREACHABLE_CODE = YES;
				CLANG_WARN__DUPLICATE_METHOD_MATCH = YES;
				COPY_PHASE_STRIP = NO;
				DEBUG_INFORMATION_FORMAT = "dwarf-with-dsym";
				ENABLE_NS_ASSERTIONS = NO;
				ENABLE_STRICT_OBJC_MSGSEND = YES;
				GCC_C_LANGUAGE_STANDARD = gnu11;
				GCC_NO_COMMON_BLOCKS = YES;
				GCC_WARN_64_TO_32_BIT_CONVERSION = YES;
				GCC_WARN_ABOUT_RETURN_TYPE = YES_ERROR;
				GCC_WARN_UNDECLARED_SELECTOR = YES;
				GCC_WARN_UNINITIALIZED_AUTOS = YES_AGGRESSIVE;
				GCC_WARN_UNUSED_FUNCTION = YES;
				GCC_WARN_UNUSED_VARIABLE = YES;
				MTL_ENABLE_DEBUG_INFO = NO;
				MTL_FAST_MATH = YES;
				SWIFT_COMPILATION_MODE = wholemodule;
				SWIFT_OPTIMIZATION_LEVEL = "-O";
			};
			name = Release;
		};
		CF7C8DE429905E5A00917084 /* Debug */ = {
			isa = XCBuildConfiguration;
			buildSettings = {
				ASSETCATALOG_COMPILER_APPICON_NAME = AppIcon;
				ASSETCATALOG_COMPILER_GLOBAL_ACCENT_COLOR_NAME = AccentColor;
				CODE_SIGN_ENTITLEMENTS = Tarot/Tarot.entitlements;
				CODE_SIGN_STYLE = Automatic;
				CURRENT_PROJECT_VERSION = 1;
				DEVELOPMENT_ASSET_PATHS = "\"Tarot/Preview Content\"";
				DEVELOPMENT_TEAM = X3GSL96QD4;
				ENABLE_HARDENED_RUNTIME = YES;
				ENABLE_PREVIEWS = YES;
				GENERATE_INFOPLIST_FILE = YES;
				INFOPLIST_FILE = Tarot/Info.plist;
				"INFOPLIST_KEY_UIApplicationSceneManifest_Generation[sdk=iphoneos*]" = YES;
				"INFOPLIST_KEY_UIApplicationSceneManifest_Generation[sdk=iphonesimulator*]" = YES;
				"INFOPLIST_KEY_UIApplicationSupportsIndirectInputEvents[sdk=iphoneos*]" = YES;
				"INFOPLIST_KEY_UIApplicationSupportsIndirectInputEvents[sdk=iphonesimulator*]" = YES;
				"INFOPLIST_KEY_UILaunchScreen_Generation[sdk=iphoneos*]" = YES;
				"INFOPLIST_KEY_UILaunchScreen_Generation[sdk=iphonesimulator*]" = YES;
				"INFOPLIST_KEY_UIStatusBarStyle[sdk=iphoneos*]" = UIStatusBarStyleDefault;
				"INFOPLIST_KEY_UIStatusBarStyle[sdk=iphonesimulator*]" = UIStatusBarStyleDefault;
				INFOPLIST_KEY_UISupportedInterfaceOrientations_iPad = "UIInterfaceOrientationPortrait UIInterfaceOrientationPortraitUpsideDown UIInterfaceOrientationLandscapeLeft UIInterfaceOrientationLandscapeRight";
				INFOPLIST_KEY_UISupportedInterfaceOrientations_iPhone = "UIInterfaceOrientationPortrait UIInterfaceOrientationLandscapeLeft UIInterfaceOrientationLandscapeRight";
				IPHONEOS_DEPLOYMENT_TARGET = 16.1;
				LD_RUNPATH_SEARCH_PATHS = "@executable_path/Frameworks";
				"LD_RUNPATH_SEARCH_PATHS[sdk=macosx*]" = "@executable_path/../Frameworks";
				MACOSX_DEPLOYMENT_TARGET = 13.0;
				MARKETING_VERSION = 1.0;
				PRODUCT_BUNDLE_IDENTIFIER = AmandaPinsker.Tarot;
				PRODUCT_NAME = "$(TARGET_NAME)";
				SDKROOT = auto;
				SUPPORTED_PLATFORMS = "iphoneos iphonesimulator";
				SUPPORTS_MACCATALYST = NO;
				SWIFT_EMIT_LOC_STRINGS = YES;
				SWIFT_VERSION = 5.0;
				TARGETED_DEVICE_FAMILY = "1,2";
			};
			name = Debug;
		};
		CF7C8DE529905E5A00917084 /* Release */ = {
			isa = XCBuildConfiguration;
			buildSettings = {
				ASSETCATALOG_COMPILER_APPICON_NAME = AppIcon;
				ASSETCATALOG_COMPILER_GLOBAL_ACCENT_COLOR_NAME = AccentColor;
				CODE_SIGN_ENTITLEMENTS = Tarot/Tarot.entitlements;
				CODE_SIGN_STYLE = Automatic;
				CURRENT_PROJECT_VERSION = 1;
				DEVELOPMENT_ASSET_PATHS = "\"Tarot/Preview Content\"";
				DEVELOPMENT_TEAM = X3GSL96QD4;
				ENABLE_HARDENED_RUNTIME = YES;
				ENABLE_PREVIEWS = YES;
				GENERATE_INFOPLIST_FILE = YES;
				INFOPLIST_FILE = Tarot/Info.plist;
				"INFOPLIST_KEY_UIApplicationSceneManifest_Generation[sdk=iphoneos*]" = YES;
				"INFOPLIST_KEY_UIApplicationSceneManifest_Generation[sdk=iphonesimulator*]" = YES;
				"INFOPLIST_KEY_UIApplicationSupportsIndirectInputEvents[sdk=iphoneos*]" = YES;
				"INFOPLIST_KEY_UIApplicationSupportsIndirectInputEvents[sdk=iphonesimulator*]" = YES;
				"INFOPLIST_KEY_UILaunchScreen_Generation[sdk=iphoneos*]" = YES;
				"INFOPLIST_KEY_UILaunchScreen_Generation[sdk=iphonesimulator*]" = YES;
				"INFOPLIST_KEY_UIStatusBarStyle[sdk=iphoneos*]" = UIStatusBarStyleDefault;
				"INFOPLIST_KEY_UIStatusBarStyle[sdk=iphonesimulator*]" = UIStatusBarStyleDefault;
				INFOPLIST_KEY_UISupportedInterfaceOrientations_iPad = "UIInterfaceOrientationPortrait UIInterfaceOrientationPortraitUpsideDown UIInterfaceOrientationLandscapeLeft UIInterfaceOrientationLandscapeRight";
				INFOPLIST_KEY_UISupportedInterfaceOrientations_iPhone = "UIInterfaceOrientationPortrait UIInterfaceOrientationLandscapeLeft UIInterfaceOrientationLandscapeRight";
				IPHONEOS_DEPLOYMENT_TARGET = 16.1;
				LD_RUNPATH_SEARCH_PATHS = "@executable_path/Frameworks";
				"LD_RUNPATH_SEARCH_PATHS[sdk=macosx*]" = "@executable_path/../Frameworks";
				MACOSX_DEPLOYMENT_TARGET = 13.0;
				MARKETING_VERSION = 1.0;
				PRODUCT_BUNDLE_IDENTIFIER = AmandaPinsker.Tarot;
				PRODUCT_NAME = "$(TARGET_NAME)";
				SDKROOT = auto;
				SUPPORTED_PLATFORMS = "iphoneos iphonesimulator";
				SUPPORTS_MACCATALYST = NO;
				SWIFT_EMIT_LOC_STRINGS = YES;
				SWIFT_VERSION = 5.0;
				TARGETED_DEVICE_FAMILY = "1,2";
			};
			name = Release;
		};
		CF7C8DE729905E5A00917084 /* Debug */ = {
			isa = XCBuildConfiguration;
			buildSettings = {
				ALWAYS_EMBED_SWIFT_STANDARD_LIBRARIES = YES;
				BUNDLE_LOADER = "$(TEST_HOST)";
				CODE_SIGN_STYLE = Automatic;
				CURRENT_PROJECT_VERSION = 1;
				DEVELOPMENT_TEAM = X3GSL96QD4;
				GENERATE_INFOPLIST_FILE = YES;
				IPHONEOS_DEPLOYMENT_TARGET = 16.1;
				MACOSX_DEPLOYMENT_TARGET = 13.0;
				MARKETING_VERSION = 1.0;
				PRODUCT_BUNDLE_IDENTIFIER = AmandaPinsker.TarotTests;
				PRODUCT_NAME = "$(TARGET_NAME)";
				SDKROOT = auto;
				SUPPORTED_PLATFORMS = "iphoneos iphonesimulator macosx";
				SWIFT_EMIT_LOC_STRINGS = NO;
				SWIFT_VERSION = 5.0;
				TARGETED_DEVICE_FAMILY = "1,2";
				TEST_HOST = "$(BUILT_PRODUCTS_DIR)/Tarot.app/$(BUNDLE_EXECUTABLE_FOLDER_PATH)/Tarot";
			};
			name = Debug;
		};
		CF7C8DE829905E5A00917084 /* Release */ = {
			isa = XCBuildConfiguration;
			buildSettings = {
				ALWAYS_EMBED_SWIFT_STANDARD_LIBRARIES = YES;
				BUNDLE_LOADER = "$(TEST_HOST)";
				CODE_SIGN_STYLE = Automatic;
				CURRENT_PROJECT_VERSION = 1;
				DEVELOPMENT_TEAM = X3GSL96QD4;
				GENERATE_INFOPLIST_FILE = YES;
				IPHONEOS_DEPLOYMENT_TARGET = 16.1;
				MACOSX_DEPLOYMENT_TARGET = 13.0;
				MARKETING_VERSION = 1.0;
				PRODUCT_BUNDLE_IDENTIFIER = AmandaPinsker.TarotTests;
				PRODUCT_NAME = "$(TARGET_NAME)";
				SDKROOT = auto;
				SUPPORTED_PLATFORMS = "iphoneos iphonesimulator macosx";
				SWIFT_EMIT_LOC_STRINGS = NO;
				SWIFT_VERSION = 5.0;
				TARGETED_DEVICE_FAMILY = "1,2";
				TEST_HOST = "$(BUILT_PRODUCTS_DIR)/Tarot.app/$(BUNDLE_EXECUTABLE_FOLDER_PATH)/Tarot";
			};
			name = Release;
		};
		CF7C8DEA29905E5A00917084 /* Debug */ = {
			isa = XCBuildConfiguration;
			buildSettings = {
				ALWAYS_EMBED_SWIFT_STANDARD_LIBRARIES = YES;
				CODE_SIGN_STYLE = Automatic;
				CURRENT_PROJECT_VERSION = 1;
				DEVELOPMENT_TEAM = X3GSL96QD4;
				GENERATE_INFOPLIST_FILE = YES;
				IPHONEOS_DEPLOYMENT_TARGET = 16.1;
				MACOSX_DEPLOYMENT_TARGET = 13.0;
				MARKETING_VERSION = 1.0;
				PRODUCT_BUNDLE_IDENTIFIER = AmandaPinsker.TarotUITests;
				PRODUCT_NAME = "$(TARGET_NAME)";
				SDKROOT = auto;
				SUPPORTED_PLATFORMS = "iphoneos iphonesimulator macosx";
				SWIFT_EMIT_LOC_STRINGS = NO;
				SWIFT_VERSION = 5.0;
				TARGETED_DEVICE_FAMILY = "1,2";
				TEST_TARGET_NAME = Tarot;
			};
			name = Debug;
		};
		CF7C8DEB29905E5A00917084 /* Release */ = {
			isa = XCBuildConfiguration;
			buildSettings = {
				ALWAYS_EMBED_SWIFT_STANDARD_LIBRARIES = YES;
				CODE_SIGN_STYLE = Automatic;
				CURRENT_PROJECT_VERSION = 1;
				DEVELOPMENT_TEAM = X3GSL96QD4;
				GENERATE_INFOPLIST_FILE = YES;
				IPHONEOS_DEPLOYMENT_TARGET = 16.1;
				MACOSX_DEPLOYMENT_TARGET = 13.0;
				MARKETING_VERSION = 1.0;
				PRODUCT_BUNDLE_IDENTIFIER = AmandaPinsker.TarotUITests;
				PRODUCT_NAME = "$(TARGET_NAME)";
				SDKROOT = auto;
				SUPPORTED_PLATFORMS = "iphoneos iphonesimulator macosx";
				SWIFT_EMIT_LOC_STRINGS = NO;
				SWIFT_VERSION = 5.0;
				TARGETED_DEVICE_FAMILY = "1,2";
				TEST_TARGET_NAME = Tarot;
			};
			name = Release;
		};
/* End XCBuildConfiguration section */

/* Begin XCConfigurationList section */
		CF7C8DB929905E5900917084 /* Build configuration list for PBXProject "Tarot" */ = {
			isa = XCConfigurationList;
			buildConfigurations = (
				CF7C8DE129905E5A00917084 /* Debug */,
				CF7C8DE229905E5A00917084 /* Release */,
			);
			defaultConfigurationIsVisible = 0;
			defaultConfigurationName = Release;
		};
		CF7C8DE329905E5A00917084 /* Build configuration list for PBXNativeTarget "Tarot" */ = {
			isa = XCConfigurationList;
			buildConfigurations = (
				CF7C8DE429905E5A00917084 /* Debug */,
				CF7C8DE529905E5A00917084 /* Release */,
			);
			defaultConfigurationIsVisible = 0;
			defaultConfigurationName = Release;
		};
		CF7C8DE629905E5A00917084 /* Build configuration list for PBXNativeTarget "TarotTests" */ = {
			isa = XCConfigurationList;
			buildConfigurations = (
				CF7C8DE729905E5A00917084 /* Debug */,
				CF7C8DE829905E5A00917084 /* Release */,
			);
			defaultConfigurationIsVisible = 0;
			defaultConfigurationName = Release;
		};
		CF7C8DE929905E5A00917084 /* Build configuration list for PBXNativeTarget "TarotUITests" */ = {
			isa = XCConfigurationList;
			buildConfigurations = (
				CF7C8DEA29905E5A00917084 /* Debug */,
				CF7C8DEB29905E5A00917084 /* Release */,
			);
			defaultConfigurationIsVisible = 0;
			defaultConfigurationName = Release;
		};
/* End XCConfigurationList section */
	};
	rootObject = CF7C8DB629905E5900917084 /* Project object */;
}
